{
  "pins" : [
    {
      "identity" : "google-api-objectivec-client-for-rest",
      "kind" : "remoteSourceControl",
      "location" : "https://github.com/google/google-api-objectivec-client-for-rest",
      "state" : {
        "revision" : "a8c1e0b1173659d0be452680582c28556372ef74",
        "version" : "3.5.5"
      }
    },
    {
      "identity" : "gtm-session-fetcher",
      "kind" : "remoteSourceControl",
      "location" : "https://github.com/google/gtm-session-fetcher.git",
      "state" : {
        "revision" : "a2ab612cb980066ee56d90d60d8462992c07f24b",
        "version" : "3.5.0"
      }
    },
    {
      "identity" : "swift-log",
      "kind" : "remoteSourceControl",
      "location" : "https://github.com/apple/swift-log.git",
      "state" : {
        "revision" : "3d8596ed08bd13520157f0355e35caed215ffbfa",
        "version" : "1.6.3"
      }
    }
  ],
  "version" : 2
}
